// !$*UTF8*$!
{
	archiveVersion = 1;
	classes = {
	};
	objectVersion = 56;
	objects = {

/* Begin PBXBuildFile section */
		2E440F912B03E6B300BC6FF0 /* AppDelegate.swift in Sources */ = {isa = PBXBuildFile; fileRef = 2E440F902B03E6B300BC6FF0 /* AppDelegate.swift */; };
		2E440F932B03E6B300BC6FF0 /* SceneDelegate.swift in Sources */ = {isa = PBXBuildFile; fileRef = 2E440F922B03E6B300BC6FF0 /* SceneDelegate.swift */; };
		2E440F9B2B03E6B300BC6FF0 /* MasterMindGame.xcdatamodeld in Sources */ = {isa = PBXBuildFile; fileRef = 2E440F992B03E6B300BC6FF0 /* MasterMindGame.xcdatamodeld */; };
		2E440FAB2B03E6B500BC6FF0 /* MasterMindGameTests.swift in Sources */ = {isa = PBXBuildFile; fileRef = 2E440FAA2B03E6B500BC6FF0 /* MasterMindGameTests.swift */; };
		2E440FB52B03E6B500BC6FF0 /* MasterMindGameUITests.swift in Sources */ = {isa = PBXBuildFile; fileRef = 2E440FB42B03E6B500BC6FF0 /* MasterMindGameUITests.swift */; };
		2E440FB72B03E6B500BC6FF0 /* MasterMindGameUITestsLaunchTests.swift in Sources */ = {isa = PBXBuildFile; fileRef = 2E440FB62B03E6B500BC6FF0 /* MasterMindGameUITestsLaunchTests.swift */; };
		2E440FC42B03E6D700BC6FF0 /* MasterMindViewCell.swift in Sources */ = {isa = PBXBuildFile; fileRef = 2E440FC32B03E6D700BC6FF0 /* MasterMindViewCell.swift */; };
		2E440FC82B03E71600BC6FF0 /* initialVC.swift in Sources */ = {isa = PBXBuildFile; fileRef = 2E440FC72B03E71600BC6FF0 /* initialVC.swift */; };
		2E440FCA2B03E74E00BC6FF0 /* Assets.xcassets in Resources */ = {isa = PBXBuildFile; fileRef = 2E440FC92B03E74E00BC6FF0 /* Assets.xcassets */; };
		2E440FCC2B03E76800BC6FF0 /* Main.storyboard in Resources */ = {isa = PBXBuildFile; fileRef = 2E440FCB2B03E76700BC6FF0 /* Main.storyboard */; };
		2E440FCE2B03E76C00BC6FF0 /* LaunchScreen.storyboard in Resources */ = {isa = PBXBuildFile; fileRef = 2E440FCD2B03E76C00BC6FF0 /* LaunchScreen.storyboard */; };
		2E440FD02B03E8D100BC6FF0 /* ViewController.swift in Sources */ = {isa = PBXBuildFile; fileRef = 2E440FCF2B03E8D100BC6FF0 /* ViewController.swift */; };
/* End PBXBuildFile section */

/* Begin PBXContainerItemProxy section */
		2E440FA72B03E6B500BC6FF0 /* PBXContainerItemProxy */ = {
			isa = PBXContainerItemProxy;
			containerPortal = 2E440F852B03E6B200BC6FF0 /* Project object */;
			proxyType = 1;
			remoteGlobalIDString = 2E440F8C2B03E6B300BC6FF0;
			remoteInfo = MasterMindGame;
		};
		2E440FB12B03E6B500BC6FF0 /* PBXContainerItemProxy */ = {
			isa = PBXContainerItemProxy;
			containerPortal = 2E440F852B03E6B200BC6FF0 /* Project object */;
			proxyType = 1;
			remoteGlobalIDString = 2E440F8C2B03E6B300BC6FF0;
			remoteInfo = MasterMindGame;
		};
/* End PBXContainerItemProxy section */

/* Begin PBXFileReference section */
		2E440F8D2B03E6B300BC6FF0 /* MasterMindGame.app */ = {isa = PBXFileReference; explicitFileType = wrapper.application; includeInIndex = 0; path = MasterMindGame.app; sourceTree = BUILT_PRODUCTS_DIR; };
		2E440F902B03E6B300BC6FF0 /* AppDelegate.swift */ = {isa = PBXFileReference; lastKnownFileType = sourcecode.swift; path = AppDelegate.swift; sourceTree = "<group>"; };
		2E440F922B03E6B300BC6FF0 /* SceneDelegate.swift */ = {isa = PBXFileReference; lastKnownFileType = sourcecode.swift; path = SceneDelegate.swift; sourceTree = "<group>"; };
		2E440F9A2B03E6B300BC6FF0 /* MasterMindGame.xcdatamodel */ = {isa = PBXFileReference; lastKnownFileType = wrapper.xcdatamodel; path = MasterMindGame.xcdatamodel; sourceTree = "<group>"; };
		2E440FA12B03E6B500BC6FF0 /* Info.plist */ = {isa = PBXFileReference; lastKnownFileType = text.plist.xml; path = Info.plist; sourceTree = "<group>"; };
		2E440FA62B03E6B500BC6FF0 /* MasterMindGameTests.xctest */ = {isa = PBXFileReference; explicitFileType = wrapper.cfbundle; includeInIndex = 0; path = MasterMindGameTests.xctest; sourceTree = BUILT_PRODUCTS_DIR; };
		2E440FAA2B03E6B500BC6FF0 /* MasterMindGameTests.swift */ = {isa = PBXFileReference; lastKnownFileType = sourcecode.swift; path = MasterMindGameTests.swift; sourceTree = "<group>"; };
		2E440FB02B03E6B500BC6FF0 /* MasterMindGameUITests.xctest */ = {isa = PBXFileReference; explicitFileType = wrapper.cfbundle; includeInIndex = 0; path = MasterMindGameUITests.xctest; sourceTree = BUILT_PRODUCTS_DIR; };
		2E440FB42B03E6B500BC6FF0 /* MasterMindGameUITests.swift */ = {isa = PBXFileReference; lastKnownFileType = sourcecode.swift; path = MasterMindGameUITests.swift; sourceTree = "<group>"; };
		2E440FB62B03E6B500BC6FF0 /* MasterMindGameUITestsLaunchTests.swift */ = {isa = PBXFileReference; lastKnownFileType = sourcecode.swift; path = MasterMindGameUITestsLaunchTests.swift; sourceTree = "<group>"; };
		2E440FC32B03E6D700BC6FF0 /* MasterMindViewCell.swift */ = {isa = PBXFileReference; fileEncoding = 4; lastKnownFileType = sourcecode.swift; path = MasterMindViewCell.swift; sourceTree = "<group>"; };
		2E440FC72B03E71600BC6FF0 /* initialVC.swift */ = {isa = PBXFileReference; fileEncoding = 4; lastKnownFileType = sourcecode.swift; path = initialVC.swift; sourceTree = "<group>"; };
		2E440FC92B03E74E00BC6FF0 /* Assets.xcassets */ = {isa = PBXFileReference; lastKnownFileType = folder.assetcatalog; path = Assets.xcassets; sourceTree = "<group>"; };
		2E440FCB2B03E76700BC6FF0 /* Main.storyboard */ = {isa = PBXFileReference; fileEncoding = 4; lastKnownFileType = file.storyboard; path = Main.storyboard; sourceTree = "<group>"; };
		2E440FCD2B03E76C00BC6FF0 /* LaunchScreen.storyboard */ = {isa = PBXFileReference; fileEncoding = 4; lastKnownFileType = file.storyboard; path = LaunchScreen.storyboard; sourceTree = "<group>"; };
		2E440FCF2B03E8D100BC6FF0 /* ViewController.swift */ = {isa = PBXFileReference; lastKnownFileType = sourcecode.swift; name = ViewController.swift; path = ../ViewController.swift; sourceTree = "<group>"; };
/* End PBXFileReference section */

/* Begin PBXFrameworksBuildPhase section */
		2E440F8A2B03E6B300BC6FF0 /* Frameworks */ = {
			isa = PBXFrameworksBuildPhase;
			buildActionMask = 2147483647;
			files = (
			);
			runOnlyForDeploymentPostprocessing = 0;
		};
		2E440FA32B03E6B500BC6FF0 /* Frameworks */ = {
			isa = PBXFrameworksBuildPhase;
			buildActionMask = 2147483647;
			files = (
			);
			runOnlyForDeploymentPostprocessing = 0;
		};
		2E440FAD2B03E6B500BC6FF0 /* Frameworks */ = {
			isa = PBXFrameworksBuildPhase;
			buildActionMask = 2147483647;
			files = (
			);
			runOnlyForDeploymentPostprocessing = 0;
		};
/* End PBXFrameworksBuildPhase section */

/* Begin PBXGroup section */
		2E440F842B03E6B200BC6FF0 = {
			isa = PBXGroup;
			children = (
				2E440F8F2B03E6B300BC6FF0 /* MasterMindGame */,
				2E440FA92B03E6B500BC6FF0 /* MasterMindGameTests */,
				2E440FB32B03E6B500BC6FF0 /* MasterMindGameUITests */,
				2E440F8E2B03E6B300BC6FF0 /* Products */,
			);
			sourceTree = "<group>";
		};
		2E440F8E2B03E6B300BC6FF0 /* Products */ = {
			isa = PBXGroup;
			children = (
				2E440F8D2B03E6B300BC6FF0 /* MasterMindGame.app */,
				2E440FA62B03E6B500BC6FF0 /* MasterMindGameTests.xctest */,
				2E440FB02B03E6B500BC6FF0 /* MasterMindGameUITests.xctest */,
			);
			name = Products;
			sourceTree = "<group>";
		};
		2E440F8F2B03E6B300BC6FF0 /* MasterMindGame */ = {
			isa = PBXGroup;
			children = (
				2E440FCF2B03E8D100BC6FF0 /* ViewController.swift */,
				2E440F902B03E6B300BC6FF0 /* AppDelegate.swift */,
				2E440F922B03E6B300BC6FF0 /* SceneDelegate.swift */,
				2E440FC72B03E71600BC6FF0 /* initialVC.swift */,
				2E440FCD2B03E76C00BC6FF0 /* LaunchScreen.storyboard */,
				2E440FCB2B03E76700BC6FF0 /* Main.storyboard */,
				2E440FC32B03E6D700BC6FF0 /* MasterMindViewCell.swift */,
				2E440FC92B03E74E00BC6FF0 /* Assets.xcassets */,
				2E440FA12B03E6B500BC6FF0 /* Info.plist */,
				2E440F992B03E6B300BC6FF0 /* MasterMindGame.xcdatamodeld */,
			);
			path = MasterMindGame;
			sourceTree = "<group>";
		};
		2E440FA92B03E6B500BC6FF0 /* MasterMindGameTests */ = {
			isa = PBXGroup;
			children = (
				2E440FAA2B03E6B500BC6FF0 /* MasterMindGameTests.swift */,
			);
			path = MasterMindGameTests;
			sourceTree = "<group>";
		};
		2E440FB32B03E6B500BC6FF0 /* MasterMindGameUITests */ = {
			isa = PBXGroup;
			children = (
				2E440FB42B03E6B500BC6FF0 /* MasterMindGameUITests.swift */,
				2E440FB62B03E6B500BC6FF0 /* MasterMindGameUITestsLaunchTests.swift */,
			);
			path = MasterMindGameUITests;
			sourceTree = "<group>";
		};
/* End PBXGroup section */

/* Begin PBXNativeTarget section */
		2E440F8C2B03E6B300BC6FF0 /* MasterMindGame */ = {
			isa = PBXNativeTarget;
			buildConfigurationList = 2E440FBA2B03E6B500BC6FF0 /* Build configuration list for PBXNativeTarget "MasterMindGame" */;
			buildPhases = (
				2E440F892B03E6B300BC6FF0 /* Sources */,
				2E440F8A2B03E6B300BC6FF0 /* Frameworks */,
				2E440F8B2B03E6B300BC6FF0 /* Resources */,
			);
			buildRules = (
			);
			dependencies = (
			);
			name = MasterMindGame;
			productName = MasterMindGame;
			productReference = 2E440F8D2B03E6B300BC6FF0 /* MasterMindGame.app */;
			productType = "com.apple.product-type.application";
		};
		2E440FA52B03E6B500BC6FF0 /* MasterMindGameTests */ = {
			isa = PBXNativeTarget;
			buildConfigurationList = 2E440FBD2B03E6B500BC6FF0 /* Build configuration list for PBXNativeTarget "MasterMindGameTests" */;
			buildPhases = (
				2E440FA22B03E6B500BC6FF0 /* Sources */,
				2E440FA32B03E6B500BC6FF0 /* Frameworks */,
				2E440FA42B03E6B500BC6FF0 /* Resources */,
			);
			buildRules = (
			);
			dependencies = (
				2E440FA82B03E6B500BC6FF0 /* PBXTargetDependency */,
			);
			name = MasterMindGameTests;
			productName = MasterMindGameTests;
			productReference = 2E440FA62B03E6B500BC6FF0 /* MasterMindGameTests.xctest */;
			productType = "com.apple.product-type.bundle.unit-test";
		};
		2E440FAF2B03E6B500BC6FF0 /* MasterMindGameUITests */ = {
			isa = PBXNativeTarget;
			buildConfigurationList = 2E440FC02B03E6B500BC6FF0 /* Build configuration list for PBXNativeTarget "MasterMindGameUITests" */;
			buildPhases = (
				2E440FAC2B03E6B500BC6FF0 /* Sources */,
				2E440FAD2B03E6B500BC6FF0 /* Frameworks */,
				2E440FAE2B03E6B500BC6FF0 /* Resources */,
			);
			buildRules = (
			);
			dependencies = (
				2E440FB22B03E6B500BC6FF0 /* PBXTargetDependency */,
			);
			name = MasterMindGameUITests;
			productName = MasterMindGameUITests;
			productReference = 2E440FB02B03E6B500BC6FF0 /* MasterMindGameUITests.xctest */;
			productType = "com.apple.product-type.bundle.ui-testing";
		};
/* End PBXNativeTarget section */

/* Begin PBXProject section */
		2E440F852B03E6B200BC6FF0 /* Project object */ = {
			isa = PBXProject;
			attributes = {
				BuildIndependentTargetsInParallel = 1;
				LastSwiftUpdateCheck = 1430;
				LastUpgradeCheck = 1430;
				TargetAttributes = {
					2E440F8C2B03E6B300BC6FF0 = {
						CreatedOnToolsVersion = 14.3.1;
					};
					2E440FA52B03E6B500BC6FF0 = {
						CreatedOnToolsVersion = 14.3.1;
						TestTargetID = 2E440F8C2B03E6B300BC6FF0;
					};
					2E440FAF2B03E6B500BC6FF0 = {
						CreatedOnToolsVersion = 14.3.1;
						TestTargetID = 2E440F8C2B03E6B300BC6FF0;
					};
				};
			};
			buildConfigurationList = 2E440F882B03E6B200BC6FF0 /* Build configuration list for PBXProject "MasterMindGame" */;
			compatibilityVersion = "Xcode 14.0";
			developmentRegion = en;
			hasScannedForEncodings = 0;
			knownRegions = (
				en,
				Base,
			);
			mainGroup = 2E440F842B03E6B200BC6FF0;
			productRefGroup = 2E440F8E2B03E6B300BC6FF0 /* Products */;
			projectDirPath = "";
			projectRoot = "";
			targets = (
				2E440F8C2B03E6B300BC6FF0 /* MasterMindGame */,
				2E440FA52B03E6B500BC6FF0 /* MasterMindGameTests */,
				2E440FAF2B03E6B500BC6FF0 /* MasterMindGameUITests */,
			);
		};
/* End PBXProject section */

/* Begin PBXResourcesBuildPhase section */
		2E440F8B2B03E6B300BC6FF0 /* Resources */ = {
			isa = PBXResourcesBuildPhase;
			buildActionMask = 2147483647;
			files = (
				2E440FCE2B03E76C00BC6FF0 /* LaunchScreen.storyboard in Resources */,
				2E440FCA2B03E74E00BC6FF0 /* Assets.xcassets in Resources */,
				2E440FCC2B03E76800BC6FF0 /* Main.storyboard in Resources */,
			);
			runOnlyForDeploymentPostprocessing = 0;
		};
		2E440FA42B03E6B500BC6FF0 /* Resources */ = {
			isa = PBXResourcesBuildPhase;
			buildActionMask = 2147483647;
			files = (
			);
			runOnlyForDeploymentPostprocessing = 0;
		};
		2E440FAE2B03E6B500BC6FF0 /* Resources */ = {
			isa = PBXResourcesBuildPhase;
			buildActionMask = 2147483647;
			files = (
			);
			runOnlyForDeploymentPostprocessing = 0;
		};
/* End PBXResourcesBuildPhase section */

/* Begin PBXSourcesBuildPhase section */
		2E440F892B03E6B300BC6FF0 /* Sources */ = {
			isa = PBXSourcesBuildPhase;
			buildActionMask = 2147483647;
			files = (
				2E440FD02B03E8D100BC6FF0 /* ViewController.swift in Sources */,
				2E440FC82B03E71600BC6FF0 /* initialVC.swift in Sources */,
				2E440FC42B03E6D700BC6FF0 /* MasterMindViewCell.swift in Sources */,
				2E440F9B2B03E6B300BC6FF0 /* MasterMindGame.xcdatamodeld in Sources */,
				2E440F912B03E6B300BC6FF0 /* AppDelegate.swift in Sources */,
				2E440F932B03E6B300BC6FF0 /* SceneDelegate.swift in Sources */,
			);
			runOnlyForDeploymentPostprocessing = 0;
		};
		2E440FA22B03E6B500BC6FF0 /* Sources */ = {
			isa = PBXSourcesBuildPhase;
			buildActionMask = 2147483647;
			files = (
				2E440FAB2B03E6B500BC6FF0 /* MasterMindGameTests.swift in Sources */,
			);
			runOnlyForDeploymentPostprocessing = 0;
		};
		2E440FAC2B03E6B500BC6FF0 /* Sources */ = {
			isa = PBXSourcesBuildPhase;
			buildActionMask = 2147483647;
			files = (
				2E440FB72B03E6B500BC6FF0 /* MasterMindGameUITestsLaunchTests.swift in Sources */,
				2E440FB52B03E6B500BC6FF0 /* MasterMindGameUITests.swift in Sources */,
			);
			runOnlyForDeploymentPostprocessing = 0;
		};
/* End PBXSourcesBuildPhase section */

/* Begin PBXTargetDependency section */
		2E440FA82B03E6B500BC6FF0 /* PBXTargetDependency */ = {
			isa = PBXTargetDependency;
			target = 2E440F8C2B03E6B300BC6FF0 /* MasterMindGame */;
			targetProxy = 2E440FA72B03E6B500BC6FF0 /* PBXContainerItemProxy */;
		};
		2E440FB22B03E6B500BC6FF0 /* PBXTargetDependency */ = {
			isa = PBXTargetDependency;
			target = 2E440F8C2B03E6B300BC6FF0 /* MasterMindGame */;
			targetProxy = 2E440FB12B03E6B500BC6FF0 /* PBXContainerItemProxy */;
		};
/* End PBXTargetDependency section */

/* Begin XCBuildConfiguration section */
		2E440FB82B03E6B500BC6FF0 /* Debug */ = {
			isa = XCBuildConfiguration;
			buildSettings = {
				ALWAYS_SEARCH_USER_PATHS = NO;
				CLANG_ANALYZER_NONNULL = YES;
				CLANG_ANALYZER_NUMBER_OBJECT_CONVERSION = YES_AGGRESSIVE;
				CLANG_CXX_LANGUAGE_STANDARD = "gnu++20";
				CLANG_ENABLE_MODULES = YES;
				CLANG_ENABLE_OBJC_ARC = YES;
				CLANG_ENABLE_OBJC_WEAK = YES;
				CLANG_WARN_BLOCK_CAPTURE_AUTORELEASING = YES;
				CLANG_WARN_BOOL_CONVERSION = YES;
				CLANG_WARN_COMMA = YES;
				CLANG_WARN_CONSTANT_CONVERSION = YES;
				CLANG_WARN_DEPRECATED_OBJC_IMPLEMENTATIONS = YES;
				CLANG_WARN_DIRECT_OBJC_ISA_USAGE = YES_ERROR;
				CLANG_WARN_DOCUMENTATION_COMMENTS = YES;
				CLANG_WARN_EMPTY_BODY = YES;
				CLANG_WARN_ENUM_CONVERSION = YES;
				CLANG_WARN_INFINITE_RECURSION = YES;
				CLANG_WARN_INT_CONVERSION = YES;
				CLANG_WARN_NON_LITERAL_NULL_CONVERSION = YES;
				CLANG_WARN_OBJC_IMPLICIT_RETAIN_SELF = YES;
				CLANG_WARN_OBJC_LITERAL_CONVERSION = YES;
				CLANG_WARN_OBJC_ROOT_CLASS = YES_ERROR;
				CLANG_WARN_QUOTED_INCLUDE_IN_FRAMEWORK_HEADER = YES;
				CLANG_WARN_RANGE_LOOP_ANALYSIS = YES;
				CLANG_WARN_STRICT_PROTOTYPES = YES;
				CLANG_WARN_SUSPICIOUS_MOVE = YES;
				CLANG_WARN_UNGUARDED_AVAILABILITY = YES_AGGRESSIVE;
				CLANG_WARN_UNREACHABLE_CODE = YES;
				CLANG_WARN__DUPLICATE_METHOD_MATCH = YES;
				COPY_PHASE_STRIP = NO;
				DEBUG_INFORMATION_FORMAT = dwarf;
				ENABLE_STRICT_OBJC_MSGSEND = YES;
				ENABLE_TESTABILITY = YES;
				GCC_C_LANGUAGE_STANDARD = gnu11;
				GCC_DYNAMIC_NO_PIC = NO;
				GCC_NO_COMMON_BLOCKS = YES;
				GCC_OPTIMIZATION_LEVEL = 0;
				GCC_PREPROCESSOR_DEFINITIONS = (
					"DEBUG=1",
					"$(inherited)",
				);
				GCC_WARN_64_TO_32_BIT_CONVERSION = YES;
				GCC_WARN_ABOUT_RETURN_TYPE = YES_ERROR;
				GCC_WARN_UNDECLARED_SELECTOR = YES;
				GCC_WARN_UNINITIALIZED_AUTOS = YES_AGGRESSIVE;
				GCC_WARN_UNUSED_FUNCTION = YES;
				GCC_WARN_UNUSED_VARIABLE = YES;
				IPHONEOS_DEPLOYMENT_TARGET = 16.4;
				MTL_ENABLE_DEBUG_INFO = INCLUDE_SOURCE;
				MTL_FAST_MATH = YES;
				ONLY_ACTIVE_ARCH = YES;
				SDKROOT = iphoneos;
				SWIFT_ACTIVE_COMPILATION_CONDITIONS = DEBUG;
				SWIFT_OPTIMIZATION_LEVEL = "-Onone";
			};
			name = Debug;
		};
		2E440FB92B03E6B500BC6FF0 /* Release */ = {
			isa = XCBuildConfiguration;
			buildSettings = {
				ALWAYS_SEARCH_USER_PATHS = NO;
				CLANG_ANALYZER_NONNULL = YES;
				CLANG_ANALYZER_NUMBER_OBJECT_CONVERSION = YES_AGGRESSIVE;
				CLANG_CXX_LANGUAGE_STANDARD = "gnu++20";
				CLANG_ENABLE_MODULES = YES;
				CLANG_ENABLE_OBJC_ARC = YES;
				CLANG_ENABLE_OBJC_WEAK = YES;
				CLANG_WARN_BLOCK_CAPTURE_AUTORELEASING = YES;
				CLANG_WARN_BOOL_CONVERSION = YES;
				CLANG_WARN_COMMA = YES;
				CLANG_WARN_CONSTANT_CONVERSION = YES;
				CLANG_WARN_DEPRECATED_OBJC_IMPLEMENTATIONS = YES;
				CLANG_WARN_DIRECT_OBJC_ISA_USAGE = YES_ERROR;
				CLANG_WARN_DOCUMENTATION_COMMENTS = YES;
				CLANG_WARN_EMPTY_BODY = YES;
				CLANG_WARN_ENUM_CONVERSION = YES;
				CLANG_WARN_INFINITE_RECURSION = YES;
				CLANG_WARN_INT_CONVERSION = YES;
				CLANG_WARN_NON_LITERAL_NULL_CONVERSION = YES;
				CLANG_WARN_OBJC_IMPLICIT_RETAIN_SELF = YES;
				CLANG_WARN_OBJC_LITERAL_CONVERSION = YES;
				CLANG_WARN_OBJC_ROOT_CLASS = YES_ERROR;
				CLANG_WARN_QUOTED_INCLUDE_IN_FRAMEWORK_HEADER = YES;
				CLANG_WARN_RANGE_LOOP_ANALYSIS = YES;
				CLANG_WARN_STRICT_PROTOTYPES = YES;
				CLANG_WARN_SUSPICIOUS_MOVE = YES;
				CLANG_WARN_UNGUARDED_AVAILABILITY = YES_AGGRESSIVE;
				CLANG_WARN_UNREACHABLE_CODE = YES;
				CLANG_WARN__DUPLICATE_METHOD_MATCH = YES;
				COPY_PHASE_STRIP = NO;
				DEBUG_INFORMATION_FORMAT = "dwarf-with-dsym";
				ENABLE_NS_ASSERTIONS = NO;
				ENABLE_STRICT_OBJC_MSGSEND = YES;
				GCC_C_LANGUAGE_STANDARD = gnu11;
				GCC_NO_COMMON_BLOCKS = YES;
				GCC_WARN_64_TO_32_BIT_CONVERSION = YES;
				GCC_WARN_ABOUT_RETURN_TYPE = YES_ERROR;
				GCC_WARN_UNDECLARED_SELECTOR = YES;
				GCC_WARN_UNINITIALIZED_AUTOS = YES_AGGRESSIVE;
				GCC_WARN_UNUSED_FUNCTION = YES;
				GCC_WARN_UNUSED_VARIABLE = YES;
				IPHONEOS_DEPLOYMENT_TARGET = 16.4;
				MTL_ENABLE_DEBUG_INFO = NO;
				MTL_FAST_MATH = YES;
				SDKROOT = iphoneos;
				SWIFT_COMPILATION_MODE = wholemodule;
				SWIFT_OPTIMIZATION_LEVEL = "-O";
				VALIDATE_PRODUCT = YES;
			};
			name = Release;
		};
		2E440FBB2B03E6B500BC6FF0 /* Debug */ = {
			isa = XCBuildConfiguration;
			buildSettings = {
				ASSETCATALOG_COMPILER_APPICON_NAME = AppIcon;
				ASSETCATALOG_COMPILER_GLOBAL_ACCENT_COLOR_NAME = AccentColor;
				CODE_SIGN_STYLE = Automatic;
				CURRENT_PROJECT_VERSION = 1;
				DEVELOPMENT_TEAM = 79Y4XMKT6F;
				GENERATE_INFOPLIST_FILE = YES;
				INFOPLIST_FILE = MasterMindGame/Info.plist;
				INFOPLIST_KEY_UIApplicationSupportsIndirectInputEvents = YES;
				INFOPLIST_KEY_UILaunchStoryboardName = LaunchScreen;
				INFOPLIST_KEY_UIMainStoryboardFile = Main;
				INFOPLIST_KEY_UISupportedInterfaceOrientations_iPad = "UIInterfaceOrientationPortrait UIInterfaceOrientationPortraitUpsideDown UIInterfaceOrientationLandscapeLeft UIInterfaceOrientationLandscapeRight";
				INFOPLIST_KEY_UISupportedInterfaceOrientations_iPhone = "UIInterfaceOrientationPortrait UIInterfaceOrientationLandscapeLeft UIInterfaceOrientationLandscapeRight";
				LD_RUNPATH_SEARCH_PATHS = (
					"$(inherited)",
					"@executable_path/Frameworks",
				);
				MARKETING_VERSION = 1.0;
				PRODUCT_BUNDLE_IDENTIFIER = ope.MasterMindGame;
				PRODUCT_NAME = "$(TARGET_NAME)";
				SWIFT_EMIT_LOC_STRINGS = YES;
				SWIFT_VERSION = 5.0;
				TARGETED_DEVICE_FAMILY = "1,2";
			};
			name = Debug;
		};
		2E440FBC2B03E6B500BC6FF0 /* Release */ = {
			isa = XCBuildConfiguration;
			buildSettings = {
				ASSETCATALOG_COMPILER_APPICON_NAME = AppIcon;
				ASSETCATALOG_COMPILER_GLOBAL_ACCENT_COLOR_NAME = AccentColor;
				CODE_SIGN_STYLE = Automatic;
				CURRENT_PROJECT_VERSION = 1;
				DEVELOPMENT_TEAM = 79Y4XMKT6F;
				GENERATE_INFOPLIST_FILE = YES;
				INFOPLIST_FILE = MasterMindGame/Info.plist;
				INFOPLIST_KEY_UIApplicationSupportsIndirectInputEvents = YES;
				INFOPLIST_KEY_UILaunchStoryboardName = LaunchScreen;
				INFOPLIST_KEY_UIMainStoryboardFile = Main;
				INFOPLIST_KEY_UISupportedInterfaceOrientations_iPad = "UIInterfaceOrientationPortrait UIInterfaceOrientationPortraitUpsideDown UIInterfaceOrientationLandscapeLeft UIInterfaceOrientationLandscapeRight";
				INFOPLIST_KEY_UISupportedInterfaceOrientations_iPhone = "UIInterfaceOrientationPortrait UIInterfaceOrientationLandscapeLeft UIInterfaceOrientationLandscapeRight";
				LD_RUNPATH_SEARCH_PATHS = (
					"$(inherited)",
					"@executable_path/Frameworks",
				);
				MARKETING_VERSION = 1.0;
				PRODUCT_BUNDLE_IDENTIFIER = ope.MasterMindGame;
				PRODUCT_NAME = "$(TARGET_NAME)";
				SWIFT_EMIT_LOC_STRINGS = YES;
				SWIFT_VERSION = 5.0;
				TARGETED_DEVICE_FAMILY = "1,2";
			};
			name = Release;
		};
		2E440FBE2B03E6B500BC6FF0 /* Debug */ = {
			isa = XCBuildConfiguration;
			buildSettings = {
				ALWAYS_EMBED_SWIFT_STANDARD_LIBRARIES = YES;
				BUNDLE_LOADER = "$(TEST_HOST)";
				CODE_SIGN_STYLE = Automatic;
				CURRENT_PROJECT_VERSION = 1;
				DEVELOPMENT_TEAM = 79Y4XMKT6F;
				GENERATE_INFOPLIST_FILE = YES;
				IPHONEOS_DEPLOYMENT_TARGET = 16.4;
				MARKETING_VERSION = 1.0;
				PRODUCT_BUNDLE_IDENTIFIER = ope.MasterMindGameTests;
				PRODUCT_NAME = "$(TARGET_NAME)";
				SWIFT_EMIT_LOC_STRINGS = NO;
				SWIFT_VERSION = 5.0;
				TARGETED_DEVICE_FAMILY = "1,2";
				TEST_HOST = "$(BUILT_PRODUCTS_DIR)/MasterMindGame.app/$(BUNDLE_EXECUTABLE_FOLDER_PATH)/MasterMindGame";
			};
			name = Debug;
		};
		2E440FBF2B03E6B500BC6FF0 /* Release */ = {
			isa = XCBuildConfiguration;
			buildSettings = {
				ALWAYS_EMBED_SWIFT_STANDARD_LIBRARIES = YES;
				BUNDLE_LOADER = "$(TEST_HOST)";
				CODE_SIGN_STYLE = Automatic;
				CURRENT_PROJECT_VERSION = 1;
				DEVELOPMENT_TEAM = 79Y4XMKT6F;
				GENERATE_INFOPLIST_FILE = YES;
				IPHONEOS_DEPLOYMENT_TARGET = 16.4;
				MARKETING_VERSION = 1.0;
				PRODUCT_BUNDLE_IDENTIFIER = ope.MasterMindGameTests;
				PRODUCT_NAME = "$(TARGET_NAME)";
				SWIFT_EMIT_LOC_STRINGS = NO;
				SWIFT_VERSION = 5.0;
				TARGETED_DEVICE_FAMILY = "1,2";
				TEST_HOST = "$(BUILT_PRODUCTS_DIR)/MasterMindGame.app/$(BUNDLE_EXECUTABLE_FOLDER_PATH)/MasterMindGame";
			};
			name = Release;
		};
		2E440FC12B03E6B500BC6FF0 /* Debug */ = {
			isa = XCBuildConfiguration;
			buildSettings = {
				ALWAYS_EMBED_SWIFT_STANDARD_LIBRARIES = YES;
				CODE_SIGN_STYLE = Automatic;
				CURRENT_PROJECT_VERSION = 1;
				DEVELOPMENT_TEAM = 79Y4XMKT6F;
				GENERATE_INFOPLIST_FILE = YES;
				MARKETING_VERSION = 1.0;
				PRODUCT_BUNDLE_IDENTIFIER = ope.MasterMindGameUITests;
				PRODUCT_NAME = "$(TARGET_NAME)";
				SWIFT_EMIT_LOC_STRINGS = NO;
				SWIFT_VERSION = 5.0;
				TARGETED_DEVICE_FAMILY = "1,2";
				TEST_TARGET_NAME = MasterMindGame;
			};
			name = Debug;
		};
		2E440FC22B03E6B500BC6FF0 /* Release */ = {
			isa = XCBuildConfiguration;
			buildSettings = {
				ALWAYS_EMBED_SWIFT_STANDARD_LIBRARIES = YES;
				CODE_SIGN_STYLE = Automatic;
				CURRENT_PROJECT_VERSION = 1;
				DEVELOPMENT_TEAM = 79Y4XMKT6F;
				GENERATE_INFOPLIST_FILE = YES;
				MARKETING_VERSION = 1.0;
				PRODUCT_BUNDLE_IDENTIFIER = ope.MasterMindGameUITests;
				PRODUCT_NAME = "$(TARGET_NAME)";
				SWIFT_EMIT_LOC_STRINGS = NO;
				SWIFT_VERSION = 5.0;
				TARGETED_DEVICE_FAMILY = "1,2";
				TEST_TARGET_NAME = MasterMindGame;
			};
			name = Release;
		};
/* End XCBuildConfiguration section */

/* Begin XCConfigurationList section */
		2E440F882B03E6B200BC6FF0 /* Build configuration list for PBXProject "MasterMindGame" */ = {
			isa = XCConfigurationList;
			buildConfigurations = (
				2E440FB82B03E6B500BC6FF0 /* Debug */,
				2E440FB92B03E6B500BC6FF0 /* Release */,
			);
			defaultConfigurationIsVisible = 0;
			defaultConfigurationName = Release;
		};
		2E440FBA2B03E6B500BC6FF0 /* Build configuration list for PBXNativeTarget "MasterMindGame" */ = {
			isa = XCConfigurationList;
			buildConfigurations = (
				2E440FBB2B03E6B500BC6FF0 /* Debug */,
				2E440FBC2B03E6B500BC6FF0 /* Release */,
			);
			defaultConfigurationIsVisible = 0;
			defaultConfigurationName = Release;
		};
		2E440FBD2B03E6B500BC6FF0 /* Build configuration list for PBXNativeTarget "MasterMindGameTests" */ = {
			isa = XCConfigurationList;
			buildConfigurations = (
				2E440FBE2B03E6B500BC6FF0 /* Debug */,
				2E440FBF2B03E6B500BC6FF0 /* Release */,
			);
			defaultConfigurationIsVisible = 0;
			defaultConfigurationName = Release;
		};
		2E440FC02B03E6B500BC6FF0 /* Build configuration list for PBXNativeTarget "MasterMindGameUITests" */ = {
			isa = XCConfigurationList;
			buildConfigurations = (
				2E440FC12B03E6B500BC6FF0 /* Debug */,
				2E440FC22B03E6B500BC6FF0 /* Release */,
			);
			defaultConfigurationIsVisible = 0;
			defaultConfigurationName = Release;
		};
/* End XCConfigurationList section */

/* Begin XCVersionGroup section */
		2E440F992B03E6B300BC6FF0 /* MasterMindGame.xcdatamodeld */ = {
			isa = XCVersionGroup;
			children = (
				2E440F9A2B03E6B300BC6FF0 /* MasterMindGame.xcdatamodel */,
			);
			currentVersion = 2E440F9A2B03E6B300BC6FF0 /* MasterMindGame.xcdatamodel */;
			path = MasterMindGame.xcdatamodeld;
			sourceTree = "<group>";
			versionGroupType = wrapper.xcdatamodel;
		};
/* End XCVersionGroup section */
	};
	rootObject = 2E440F852B03E6B200BC6FF0 /* Project object */;
}
